
Microsoft Visual Studio Solution File, Format Version 12.00
# Visual Studio Version 16
VisualStudioVersion = 16.0.30717.126
MinimumVisualStudioVersion = 10.0.40219.1
Project("{9A19103F-16F7-4668-BE54-9A1E7A4F7556}") = "ChatWithMeApi", "ChatWithMeApi\ChatWithMeApi.csproj", "{B97AFB68-90FB-441E-B5F8-783CFFED158A}"
EndProject
Project("{9A19103F-16F7-4668-BE54-9A1E7A4F7556}") = "SourceGenerator", "SourceGenerator\SourceGenerator.csproj", "{9DFC98F4-2142-4C38-BDB1-1DF9B986CDFC}"
EndProject
Project("{9A19103F-16F7-4668-BE54-9A1E7A4F7556}") = "Domain", "Domain\Domain.csproj", "{A5FE574A-99D8-4C32-9987-C1346E65B5E6}"
EndProject
Global
	GlobalSection(SolutionConfigurationPlatforms) = preSolution
		Debug|Any CPU = Debug|Any CPU
		Release|Any CPU = Release|Any CPU
	EndGlobalSection
	GlobalSection(ProjectConfigurationPlatforms) = postSolution
		{B97AFB68-90FB-441E-B5F8-783CFFED158A}.Debug|Any CPU.ActiveCfg = Debug|Any CPU
		{B97AFB68-90FB-441E-B5F8-783CFFED158A}.Debug|Any CPU.Build.0 = Debug|Any CPU
		{B97AFB68-90FB-441E-B5F8-783CFFED158A}.Release|Any CPU.ActiveCfg = Release|Any CPU
		{B97AFB68-90FB-441E-B5F8-783CFFED158A}.Release|Any CPU.Build.0 = Release|Any CPU
		{9DFC98F4-2142-4C38-BDB1-1DF9B986CDFC}.Debug|Any CPU.ActiveCfg = Debug|Any CPU
		{9DFC98F4-2142-4C38-BDB1-1DF9B986CDFC}.Debug|Any CPU.Build.0 = Debug|Any CPU
		{9DFC98F4-2142-4C38-BDB1-1DF9B986CDFC}.Release|Any CPU.ActiveCfg = Release|Any CPU
		{9DFC98F4-2142-4C38-BDB1-1DF9B986CDFC}.Release|Any CPU.Build.0 = Release|Any CPU
		{A5FE574A-99D8-4C32-9987-C1346E65B5E6}.Debug|Any CPU.ActiveCfg = Debug|Any CPU
		{A5FE574A-99D8-4C32-9987-C1346E65B5E6}.Debug|Any CPU.Build.0 = Debug|Any CPU
		{A5FE574A-99D8-4C32-9987-C1346E65B5E6}.Release|Any CPU.ActiveCfg = Release|Any CPU
		{A5FE574A-99D8-4C32-9987-C1346E65B5E6}.Release|Any CPU.Build.0 = Release|Any CPU
	EndGlobalSection
	GlobalSection(SolutionProperties) = preSolution
		HideSolutionNode = FALSE
	EndGlobalSection
	GlobalSection(ExtensibilityGlobals) = postSolution
		SolutionGuid = {021AD806-37CD-4D44-8FE5-E72C7FAB705E}
	EndGlobalSection
EndGlobal
